<?xml version="1.0" encoding="utf-8"?>
<Project ToolsVersion="4.0" xmlns="http://schemas.microsoft.com/developer/msbuild/2003">
  <ItemGroup>
    <Filter Include="win32">
      <UniqueIdentifier>{84a8ebd7-7cf0-47f6-b75e-d441df67da40}</UniqueIdentifier>
    </Filter>
    <Filter Include="resource">
      <UniqueIdentifier>{715254bc-d70b-4ec5-bf29-467dd3ace079}</UniqueIdentifier>
    </Filter>
    <Filter Include="game">
      <UniqueIdentifier>{3bc4d299-3047-48b3-9595-c08110334dc7}</UniqueIdentifier>
    </Filter>
    <Filter Include="scenes">
      <UniqueIdentifier>{bb6c862e-70e9-49d9-81b7-3829a6f50471}</UniqueIdentifier>
    </Filter>
    <Filter Include="scenes\tmpSave">
      <UniqueIdentifier>{fb0044a8-e45e-4276-a956-017526532767}</UniqueIdentifier>
    </Filter>
  </ItemGroup>
  <ItemGroup>
    <ClCompile Include="main.cpp">
      <Filter>win32</Filter>
    </ClCompile>
    <ClCompile Include="..\Classes\AppDelegate.cpp">
      <Filter>scenes</Filter>
    </ClCompile>
    <ClCompile Include="..\Classes\SlotMachineScene.cpp">
      <Filter>scenes</Filter>
    </ClCompile>
    <ClCompile Include="Slot.cpp">
      <Filter>game</Filter>
    </ClCompile>
    <ClCompile Include="SlotMachineController.cpp">
      <Filter>game</Filter>
    </ClCompile>
    <ClCompile Include="TokenInfo.cpp">
      <Filter>game</Filter>
    </ClCompile>
    <ClCompile Include="SlotsController.cpp">
      <Filter>game</Filter>
    </ClCompile>
    <ClCompile Include="WinEffects.cpp">
      <Filter>game</Filter>
    </ClCompile>
    <ClCompile Include="SlotMachineHandle.cpp">
      <Filter>game</Filter>
    </ClCompile>
    <ClCompile Include="Save.cpp">
      <Filter>scenes\tmpSave</Filter>
    </ClCompile>
  </ItemGroup>
  <ItemGroup>
    <ClInclude Include="main.h">
      <Filter>win32</Filter>
    </ClInclude>
    <ClInclude Include="..\Classes\AppDelegate.h">
      <Filter>scenes</Filter>
    </ClInclude>
    <ClInclude Include="..\Classes\SlotMachineScene.h">
      <Filter>scenes</Filter>
    </ClInclude>
    <ClInclude Include="Slot.h">
      <Filter>game</Filter>
    </ClInclude>
    <ClInclude Include="SlotMachineController.h">
      <Filter>game</Filter>
    </ClInclude>
    <ClInclude Include="TokenInfo.h">
      <Filter>game</Filter>
    </ClInclude>
    <ClInclude Include="SlotsController.h">
      <Filter>game</Filter>
    </ClInclude>
    <ClInclude Include="WinEffects.h">
      <Filter>game</Filter>
    </ClInclude>
    <ClInclude Include="SlotMachineHandle.h">
      <Filter>game</Filter>
    </ClInclude>
    <ClInclude Include="Save.h">
      <Filter>scenes\tmpSave</Filter>
    </ClInclude>
  </ItemGroup>
  <ItemGroup>
    <ResourceCompile Include="game.rc">
      <Filter>resource</Filter>
    </ResourceCompile>
  </ItemGroup>
</Project>